
Microsoft Visual Studio Solution File, Format Version 12.00
# Visual Studio Version 16
VisualStudioVersion = 16.0.29201.188
MinimumVisualStudioVersion = 10.0.40219.1
Project("{FAE04EC0-301F-11D3-BF4B-00C04F79EFBC}") = "SHIELDWpfDotNetGui", "SHIELDWpfDotNetGui\SHIELDWpfDotNetGui.csproj", "{4FA8D0C4-48FC-4BFF-A4AE-B9D88ADDE67F}"
EndProject
Global
	GlobalSection(SolutionConfigurationPlatforms) = preSolution
		Debug|Any CPU = Debug|Any CPU
		Release|Any CPU = Release|Any CPU
	EndGlobalSection
	GlobalSection(ProjectConfigurationPlatforms) = postSolution
		{4FA8D0C4-48FC-4BFF-A4AE-B9D88ADDE67F}.Debug|Any CPU.ActiveCfg = Debug|Any CPU
		{4FA8D0C4-48FC-4BFF-A4AE-B9D88ADDE67F}.Debug|Any CPU.Build.0 = Debug|Any CPU
		{4FA8D0C4-48FC-4BFF-A4AE-B9D88ADDE67F}.Release|Any CPU.ActiveCfg = Release|Any CPU
		{4FA8D0C4-48FC-4BFF-A4AE-B9D88ADDE67F}.Release|Any CPU.Build.0 = Release|Any CPU
	EndGlobalSection
	GlobalSection(SolutionProperties) = preSolution
		HideSolutionNode = FALSE
	EndGlobalSection
	GlobalSection(ExtensibilityGlobals) = postSolution
		SolutionGuid = {6812107D-1D7A-4076-A81E-8C29330576CB}
	EndGlobalSection
EndGlobal
